// !$*UTF8*$!
{
	archiveVersion = 1;
	classes = {
	};
	objectVersion = 55;
	objects = {

/* Begin PBXBuildFile section */
		ECBC0FAC284128DA005C9895 /* Extensions.swift in Sources */ = {isa = PBXBuildFile; fileRef = ECBC0FAB284128DA005C9895 /* Extensions.swift */; };
		ECC049C728405A3A0017333D /* AppDelegate.swift in Sources */ = {isa = PBXBuildFile; fileRef = ECC049C628405A3A0017333D /* AppDelegate.swift */; };
		ECC049C928405A3A0017333D /* SceneDelegate.swift in Sources */ = {isa = PBXBuildFile; fileRef = ECC049C828405A3A0017333D /* SceneDelegate.swift */; };
		ECC049CB28405A3A0017333D /* CountryListViewController.swift in Sources */ = {isa = PBXBuildFile; fileRef = ECC049CA28405A3A0017333D /* CountryListViewController.swift */; };
		ECC049CE28405A3A0017333D /* Main.storyboard in Resources */ = {isa = PBXBuildFile; fileRef = ECC049CC28405A3A0017333D /* Main.storyboard */; };
		ECC049D128405A3A0017333D /* A3_Ismail.xcdatamodeld in Sources */ = {isa = PBXBuildFile; fileRef = ECC049CF28405A3A0017333D /* A3_Ismail.xcdatamodeld */; };
		ECC049D328405A3C0017333D /* Assets.xcassets in Resources */ = {isa = PBXBuildFile; fileRef = ECC049D228405A3C0017333D /* Assets.xcassets */; };
		ECC049D628405A3C0017333D /* LaunchScreen.storyboard in Resources */ = {isa = PBXBuildFile; fileRef = ECC049D428405A3C0017333D /* LaunchScreen.storyboard */; };
		ECC049E228405D3F0017333D /* CoreDBHelper.swift in Sources */ = {isa = PBXBuildFile; fileRef = ECC049E128405D3F0017333D /* CoreDBHelper.swift */; };
		ECC049E428405ECB0017333D /* CountryDetailsViewController.swift in Sources */ = {isa = PBXBuildFile; fileRef = ECC049E328405ECB0017333D /* CountryDetailsViewController.swift */; };
		ECC049E628405FF20017333D /* Country.swift in Sources */ = {isa = PBXBuildFile; fileRef = ECC049E528405FF20017333D /* Country.swift */; };
		ECC049E9284063880017333D /* CountryViewModel.swift in Sources */ = {isa = PBXBuildFile; fileRef = ECC049E8284063880017333D /* CountryViewModel.swift */; };
		ECC049EC284064680017333D /* Constants.swift in Sources */ = {isa = PBXBuildFile; fileRef = ECC049EB284064680017333D /* Constants.swift */; };
/* End PBXBuildFile section */

/* Begin PBXFileReference section */
		ECBC0FAB284128DA005C9895 /* Extensions.swift */ = {isa = PBXFileReference; lastKnownFileType = sourcecode.swift; path = Extensions.swift; sourceTree = "<group>"; };
		ECC049C328405A3A0017333D /* A3_Ismail.app */ = {isa = PBXFileReference; explicitFileType = wrapper.application; includeInIndex = 0; path = A3_Ismail.app; sourceTree = BUILT_PRODUCTS_DIR; };
		ECC049C628405A3A0017333D /* AppDelegate.swift */ = {isa = PBXFileReference; lastKnownFileType = sourcecode.swift; path = AppDelegate.swift; sourceTree = "<group>"; };
		ECC049C828405A3A0017333D /* SceneDelegate.swift */ = {isa = PBXFileReference; lastKnownFileType = sourcecode.swift; path = SceneDelegate.swift; sourceTree = "<group>"; };
		ECC049CA28405A3A0017333D /* CountryListViewController.swift */ = {isa = PBXFileReference; lastKnownFileType = sourcecode.swift; path = CountryListViewController.swift; sourceTree = "<group>"; };
		ECC049CD28405A3A0017333D /* Base */ = {isa = PBXFileReference; lastKnownFileType = file.storyboard; name = Base; path = Base.lproj/Main.storyboard; sourceTree = "<group>"; };
		ECC049D028405A3A0017333D /* A3_Ismail.xcdatamodel */ = {isa = PBXFileReference; lastKnownFileType = wrapper.xcdatamodel; path = A3_Ismail.xcdatamodel; sourceTree = "<group>"; };
		ECC049D228405A3C0017333D /* Assets.xcassets */ = {isa = PBXFileReference; lastKnownFileType = folder.assetcatalog; path = Assets.xcassets; sourceTree = "<group>"; };
		ECC049D528405A3C0017333D /* Base */ = {isa = PBXFileReference; lastKnownFileType = file.storyboard; name = Base; path = Base.lproj/LaunchScreen.storyboard; sourceTree = "<group>"; };
		ECC049D728405A3C0017333D /* Info.plist */ = {isa = PBXFileReference; lastKnownFileType = text.plist.xml; path = Info.plist; sourceTree = "<group>"; };
		ECC049E128405D3F0017333D /* CoreDBHelper.swift */ = {isa = PBXFileReference; lastKnownFileType = sourcecode.swift; path = CoreDBHelper.swift; sourceTree = "<group>"; };
		ECC049E328405ECB0017333D /* CountryDetailsViewController.swift */ = {isa = PBXFileReference; lastKnownFileType = sourcecode.swift; path = CountryDetailsViewController.swift; sourceTree = "<group>"; };
		ECC049E528405FF20017333D /* Country.swift */ = {isa = PBXFileReference; lastKnownFileType = sourcecode.swift; path = Country.swift; sourceTree = "<group>"; };
		ECC049E8284063880017333D /* CountryViewModel.swift */ = {isa = PBXFileReference; lastKnownFileType = sourcecode.swift; path = CountryViewModel.swift; sourceTree = "<group>"; };
		ECC049EB284064680017333D /* Constants.swift */ = {isa = PBXFileReference; lastKnownFileType = sourcecode.swift; path = Constants.swift; sourceTree = "<group>"; };
/* End PBXFileReference section */

/* Begin PBXFrameworksBuildPhase section */
		ECC049C028405A3A0017333D /* Frameworks */ = {
			isa = PBXFrameworksBuildPhase;
			buildActionMask = 2147483647;
			files = (
			);
			runOnlyForDeploymentPostprocessing = 0;
		};
/* End PBXFrameworksBuildPhase section */

/* Begin PBXGroup section */
		ECC049BA28405A3A0017333D = {
			isa = PBXGroup;
			children = (
				ECC049C528405A3A0017333D /* A3_Ismail */,
				ECC049C428405A3A0017333D /* Products */,
			);
			sourceTree = "<group>";
		};
		ECC049C428405A3A0017333D /* Products */ = {
			isa = PBXGroup;
			children = (
				ECC049C328405A3A0017333D /* A3_Ismail.app */,
			);
			name = Products;
			sourceTree = "<group>";
		};
		ECC049C528405A3A0017333D /* A3_Ismail */ = {
			isa = PBXGroup;
			children = (
				ECC049E7284063530017333D /* ViewModel */,
				ECC049E028405D2F0017333D /* DB */,
				ECC049DD28405ABD0017333D /* Model */,
				ECC049DE28405AC40017333D /* Controller */,
				ECC049DF28405ACA0017333D /* View */,
				ECC049EA2840645C0017333D /* Utils */,
				ECC049C628405A3A0017333D /* AppDelegate.swift */,
				ECC049C828405A3A0017333D /* SceneDelegate.swift */,
				ECC049CC28405A3A0017333D /* Main.storyboard */,
				ECC049D228405A3C0017333D /* Assets.xcassets */,
				ECC049D428405A3C0017333D /* LaunchScreen.storyboard */,
				ECC049D728405A3C0017333D /* Info.plist */,
			);
			path = A3_Ismail;
			sourceTree = "<group>";
		};
		ECC049DD28405ABD0017333D /* Model */ = {
			isa = PBXGroup;
			children = (
				ECC049CF28405A3A0017333D /* A3_Ismail.xcdatamodeld */,
				ECC049E528405FF20017333D /* Country.swift */,
			);
			path = Model;
			sourceTree = "<group>";
		};
		ECC049DE28405AC40017333D /* Controller */ = {
			isa = PBXGroup;
			children = (
				ECC049CA28405A3A0017333D /* CountryListViewController.swift */,
				ECC049E328405ECB0017333D /* CountryDetailsViewController.swift */,
			);
			path = Controller;
			sourceTree = "<group>";
		};
		ECC049DF28405ACA0017333D /* View */ = {
			isa = PBXGroup;
			children = (
			);
			path = View;
			sourceTree = "<group>";
		};
		ECC049E028405D2F0017333D /* DB */ = {
			isa = PBXGroup;
			children = (
				ECC049E128405D3F0017333D /* CoreDBHelper.swift */,
			);
			path = DB;
			sourceTree = "<group>";
		};
		ECC049E7284063530017333D /* ViewModel */ = {
			isa = PBXGroup;
			children = (
				ECC049E8284063880017333D /* CountryViewModel.swift */,
			);
			path = ViewModel;
			sourceTree = "<group>";
		};
		ECC049EA2840645C0017333D /* Utils */ = {
			isa = PBXGroup;
			children = (
				ECC049EB284064680017333D /* Constants.swift */,
				ECBC0FAB284128DA005C9895 /* Extensions.swift */,
			);
			path = Utils;
			sourceTree = "<group>";
		};
/* End PBXGroup section */

/* Begin PBXNativeTarget section */
		ECC049C228405A3A0017333D /* A3_Ismail */ = {
			isa = PBXNativeTarget;
			buildConfigurationList = ECC049DA28405A3C0017333D /* Build configuration list for PBXNativeTarget "A3_Ismail" */;
			buildPhases = (
				ECC049BF28405A3A0017333D /* Sources */,
				ECC049C028405A3A0017333D /* Frameworks */,
				ECC049C128405A3A0017333D /* Resources */,
			);
			buildRules = (
			);
			dependencies = (
			);
			name = A3_Ismail;
			productName = A3_Ismail;
			productReference = ECC049C328405A3A0017333D /* A3_Ismail.app */;
			productType = "com.apple.product-type.application";
		};
/* End PBXNativeTarget section */

/* Begin PBXProject section */
		ECC049BB28405A3A0017333D /* Project object */ = {
			isa = PBXProject;
			attributes = {
				BuildIndependentTargetsInParallel = 1;
				LastSwiftUpdateCheck = 1330;
				LastUpgradeCheck = 1330;
				TargetAttributes = {
					ECC049C228405A3A0017333D = {
						CreatedOnToolsVersion = 13.3;
					};
				};
			};
			buildConfigurationList = ECC049BE28405A3A0017333D /* Build configuration list for PBXProject "A3_Ismail" */;
			compatibilityVersion = "Xcode 13.0";
			developmentRegion = en;
			hasScannedForEncodings = 0;
			knownRegions = (
				en,
				Base,
			);
			mainGroup = ECC049BA28405A3A0017333D;
			productRefGroup = ECC049C428405A3A0017333D /* Products */;
			projectDirPath = "";
			projectRoot = "";
			targets = (
				ECC049C228405A3A0017333D /* A3_Ismail */,
			);
		};
/* End PBXProject section */

/* Begin PBXResourcesBuildPhase section */
		ECC049C128405A3A0017333D /* Resources */ = {
			isa = PBXResourcesBuildPhase;
			buildActionMask = 2147483647;
			files = (
				ECC049D628405A3C0017333D /* LaunchScreen.storyboard in Resources */,
				ECC049D328405A3C0017333D /* Assets.xcassets in Resources */,
				ECC049CE28405A3A0017333D /* Main.storyboard in Resources */,
			);
			runOnlyForDeploymentPostprocessing = 0;
		};
/* End PBXResourcesBuildPhase section */

/* Begin PBXSourcesBuildPhase section */
		ECC049BF28405A3A0017333D /* Sources */ = {
			isa = PBXSourcesBuildPhase;
			buildActionMask = 2147483647;
			files = (
				ECC049E628405FF20017333D /* Country.swift in Sources */,
				ECC049E9284063880017333D /* CountryViewModel.swift in Sources */,
				ECC049D128405A3A0017333D /* A3_Ismail.xcdatamodeld in Sources */,
				ECC049E228405D3F0017333D /* CoreDBHelper.swift in Sources */,
				ECC049CB28405A3A0017333D /* CountryListViewController.swift in Sources */,
				ECBC0FAC284128DA005C9895 /* Extensions.swift in Sources */,
				ECC049C728405A3A0017333D /* AppDelegate.swift in Sources */,
				ECC049E428405ECB0017333D /* CountryDetailsViewController.swift in Sources */,
				ECC049C928405A3A0017333D /* SceneDelegate.swift in Sources */,
				ECC049EC284064680017333D /* Constants.swift in Sources */,
			);
			runOnlyForDeploymentPostprocessing = 0;
		};
/* End PBXSourcesBuildPhase section */

/* Begin PBXVariantGroup section */
		ECC049CC28405A3A0017333D /* Main.storyboard */ = {
			isa = PBXVariantGroup;
			children = (
				ECC049CD28405A3A0017333D /* Base */,
			);
			name = Main.storyboard;
			sourceTree = "<group>";
		};
		ECC049D428405A3C0017333D /* LaunchScreen.storyboard */ = {
			isa = PBXVariantGroup;
			children = (
				ECC049D528405A3C0017333D /* Base */,
			);
			name = LaunchScreen.storyboard;
			sourceTree = "<group>";
		};
/* End PBXVariantGroup section */

/* Begin XCBuildConfiguration section */
		ECC049D828405A3C0017333D /* Debug */ = {
			isa = XCBuildConfiguration;
			buildSettings = {
				ALWAYS_SEARCH_USER_PATHS = NO;
				CLANG_ANALYZER_NONNULL = YES;
				CLANG_ANALYZER_NUMBER_OBJECT_CONVERSION = YES_AGGRESSIVE;
				CLANG_CXX_LANGUAGE_STANDARD = "gnu++17";
				CLANG_ENABLE_MODULES = YES;
				CLANG_ENABLE_OBJC_ARC = YES;
				CLANG_ENABLE_OBJC_WEAK = YES;
				CLANG_WARN_BLOCK_CAPTURE_AUTORELEASING = YES;
				CLANG_WARN_BOOL_CONVERSION = YES;
				CLANG_WARN_COMMA = YES;
				CLANG_WARN_CONSTANT_CONVERSION = YES;
				CLANG_WARN_DEPRECATED_OBJC_IMPLEMENTATIONS = YES;
				CLANG_WARN_DIRECT_OBJC_ISA_USAGE = YES_ERROR;
				CLANG_WARN_DOCUMENTATION_COMMENTS = YES;
				CLANG_WARN_EMPTY_BODY = YES;
				CLANG_WARN_ENUM_CONVERSION = YES;
				CLANG_WARN_INFINITE_RECURSION = YES;
				CLANG_WARN_INT_CONVERSION = YES;
				CLANG_WARN_NON_LITERAL_NULL_CONVERSION = YES;
				CLANG_WARN_OBJC_IMPLICIT_RETAIN_SELF = YES;
				CLANG_WARN_OBJC_LITERAL_CONVERSION = YES;
				CLANG_WARN_OBJC_ROOT_CLASS = YES_ERROR;
				CLANG_WARN_QUOTED_INCLUDE_IN_FRAMEWORK_HEADER = YES;
				CLANG_WARN_RANGE_LOOP_ANALYSIS = YES;
				CLANG_WARN_STRICT_PROTOTYPES = YES;
				CLANG_WARN_SUSPICIOUS_MOVE = YES;
				CLANG_WARN_UNGUARDED_AVAILABILITY = YES_AGGRESSIVE;
				CLANG_WARN_UNREACHABLE_CODE = YES;
				CLANG_WARN__DUPLICATE_METHOD_MATCH = YES;
				COPY_PHASE_STRIP = NO;
				DEBUG_INFORMATION_FORMAT = dwarf;
				ENABLE_STRICT_OBJC_MSGSEND = YES;
				ENABLE_TESTABILITY = YES;
				GCC_C_LANGUAGE_STANDARD = gnu11;
				GCC_DYNAMIC_NO_PIC = NO;
				GCC_NO_COMMON_BLOCKS = YES;
				GCC_OPTIMIZATION_LEVEL = 0;
				GCC_PREPROCESSOR_DEFINITIONS = (
					"DEBUG=1",
					"$(inherited)",
				);
				GCC_WARN_64_TO_32_BIT_CONVERSION = YES;
				GCC_WARN_ABOUT_RETURN_TYPE = YES_ERROR;
				GCC_WARN_UNDECLARED_SELECTOR = YES;
				GCC_WARN_UNINITIALIZED_AUTOS = YES_AGGRESSIVE;
				GCC_WARN_UNUSED_FUNCTION = YES;
				GCC_WARN_UNUSED_VARIABLE = YES;
				IPHONEOS_DEPLOYMENT_TARGET = 15.4;
				MTL_ENABLE_DEBUG_INFO = INCLUDE_SOURCE;
				MTL_FAST_MATH = YES;
				ONLY_ACTIVE_ARCH = YES;
				SDKROOT = iphoneos;
				SWIFT_ACTIVE_COMPILATION_CONDITIONS = DEBUG;
				SWIFT_OPTIMIZATION_LEVEL = "-Onone";
			};
			name = Debug;
		};
		ECC049D928405A3C0017333D /* Release */ = {
			isa = XCBuildConfiguration;
			buildSettings = {
				ALWAYS_SEARCH_USER_PATHS = NO;
				CLANG_ANALYZER_NONNULL = YES;
				CLANG_ANALYZER_NUMBER_OBJECT_CONVERSION = YES_AGGRESSIVE;
				CLANG_CXX_LANGUAGE_STANDARD = "gnu++17";
				CLANG_ENABLE_MODULES = YES;
				CLANG_ENABLE_OBJC_ARC = YES;
				CLANG_ENABLE_OBJC_WEAK = YES;
				CLANG_WARN_BLOCK_CAPTURE_AUTORELEASING = YES;
				CLANG_WARN_BOOL_CONVERSION = YES;
				CLANG_WARN_COMMA = YES;
				CLANG_WARN_CONSTANT_CONVERSION = YES;
				CLANG_WARN_DEPRECATED_OBJC_IMPLEMENTATIONS = YES;
				CLANG_WARN_DIRECT_OBJC_ISA_USAGE = YES_ERROR;
				CLANG_WARN_DOCUMENTATION_COMMENTS = YES;
				CLANG_WARN_EMPTY_BODY = YES;
				CLANG_WARN_ENUM_CONVERSION = YES;
				CLANG_WARN_INFINITE_RECURSION = YES;
				CLANG_WARN_INT_CONVERSION = YES;
				CLANG_WARN_NON_LITERAL_NULL_CONVERSION = YES;
				CLANG_WARN_OBJC_IMPLICIT_RETAIN_SELF = YES;
				CLANG_WARN_OBJC_LITERAL_CONVERSION = YES;
				CLANG_WARN_OBJC_ROOT_CLASS = YES_ERROR;
				CLANG_WARN_QUOTED_INCLUDE_IN_FRAMEWORK_HEADER = YES;
				CLANG_WARN_RANGE_LOOP_ANALYSIS = YES;
				CLANG_WARN_STRICT_PROTOTYPES = YES;
				CLANG_WARN_SUSPICIOUS_MOVE = YES;
				CLANG_WARN_UNGUARDED_AVAILABILITY = YES_AGGRESSIVE;
				CLANG_WARN_UNREACHABLE_CODE = YES;
				CLANG_WARN__DUPLICATE_METHOD_MATCH = YES;
				COPY_PHASE_STRIP = NO;
				DEBUG_INFORMATION_FORMAT = "dwarf-with-dsym";
				ENABLE_NS_ASSERTIONS = NO;
				ENABLE_STRICT_OBJC_MSGSEND = YES;
				GCC_C_LANGUAGE_STANDARD = gnu11;
				GCC_NO_COMMON_BLOCKS = YES;
				GCC_WARN_64_TO_32_BIT_CONVERSION = YES;
				GCC_WARN_ABOUT_RETURN_TYPE = YES_ERROR;
				GCC_WARN_UNDECLARED_SELECTOR = YES;
				GCC_WARN_UNINITIALIZED_AUTOS = YES_AGGRESSIVE;
				GCC_WARN_UNUSED_FUNCTION = YES;
				GCC_WARN_UNUSED_VARIABLE = YES;
				IPHONEOS_DEPLOYMENT_TARGET = 15.4;
				MTL_ENABLE_DEBUG_INFO = NO;
				MTL_FAST_MATH = YES;
				SDKROOT = iphoneos;
				SWIFT_COMPILATION_MODE = wholemodule;
				SWIFT_OPTIMIZATION_LEVEL = "-O";
				VALIDATE_PRODUCT = YES;
			};
			name = Release;
		};
		ECC049DB28405A3C0017333D /* Debug */ = {
			isa = XCBuildConfiguration;
			buildSettings = {
				ASSETCATALOG_COMPILER_APPICON_NAME = AppIcon;
				ASSETCATALOG_COMPILER_GLOBAL_ACCENT_COLOR_NAME = AccentColor;
				CODE_SIGN_STYLE = Automatic;
				CURRENT_PROJECT_VERSION = 1;
				DEVELOPMENT_TEAM = G3P4L7GVWA;
				GENERATE_INFOPLIST_FILE = YES;
				INFOPLIST_FILE = A3_Ismail/Info.plist;
				INFOPLIST_KEY_UIApplicationSupportsIndirectInputEvents = YES;
				INFOPLIST_KEY_UILaunchStoryboardName = LaunchScreen;
				INFOPLIST_KEY_UIMainStoryboardFile = Main;
				INFOPLIST_KEY_UISupportedInterfaceOrientations_iPad = "UIInterfaceOrientationPortrait UIInterfaceOrientationPortraitUpsideDown UIInterfaceOrientationLandscapeLeft UIInterfaceOrientationLandscapeRight";
				INFOPLIST_KEY_UISupportedInterfaceOrientations_iPhone = "UIInterfaceOrientationPortrait UIInterfaceOrientationLandscapeLeft UIInterfaceOrientationLandscapeRight";
				LD_RUNPATH_SEARCH_PATHS = (
					"$(inherited)",
					"@executable_path/Frameworks",
				);
				MARKETING_VERSION = 1.0;
				PRODUCT_BUNDLE_IDENTIFIER = "io.github.ismailgok33.A3-Ismail";
				PRODUCT_NAME = "$(TARGET_NAME)";
				SWIFT_EMIT_LOC_STRINGS = YES;
				SWIFT_VERSION = 5.0;
				TARGETED_DEVICE_FAMILY = "1,2";
			};
			name = Debug;
		};
		ECC049DC28405A3C0017333D /* Release */ = {
			isa = XCBuildConfiguration;
			buildSettings = {
				ASSETCATALOG_COMPILER_APPICON_NAME = AppIcon;
				ASSETCATALOG_COMPILER_GLOBAL_ACCENT_COLOR_NAME = AccentColor;
				CODE_SIGN_STYLE = Automatic;
				CURRENT_PROJECT_VERSION = 1;
				DEVELOPMENT_TEAM = G3P4L7GVWA;
				GENERATE_INFOPLIST_FILE = YES;
				INFOPLIST_FILE = A3_Ismail/Info.plist;
				INFOPLIST_KEY_UIApplicationSupportsIndirectInputEvents = YES;
				INFOPLIST_KEY_UILaunchStoryboardName = LaunchScreen;
				INFOPLIST_KEY_UIMainStoryboardFile = Main;
				INFOPLIST_KEY_UISupportedInterfaceOrientations_iPad = "UIInterfaceOrientationPortrait UIInterfaceOrientationPortraitUpsideDown UIInterfaceOrientationLandscapeLeft UIInterfaceOrientationLandscapeRight";
				INFOPLIST_KEY_UISupportedInterfaceOrientations_iPhone = "UIInterfaceOrientationPortrait UIInterfaceOrientationLandscapeLeft UIInterfaceOrientationLandscapeRight";
				LD_RUNPATH_SEARCH_PATHS = (
					"$(inherited)",
					"@executable_path/Frameworks",
				);
				MARKETING_VERSION = 1.0;
				PRODUCT_BUNDLE_IDENTIFIER = "io.github.ismailgok33.A3-Ismail";
				PRODUCT_NAME = "$(TARGET_NAME)";
				SWIFT_EMIT_LOC_STRINGS = YES;
				SWIFT_VERSION = 5.0;
				TARGETED_DEVICE_FAMILY = "1,2";
			};
			name = Release;
		};
/* End XCBuildConfiguration section */

/* Begin XCConfigurationList section */
		ECC049BE28405A3A0017333D /* Build configuration list for PBXProject "A3_Ismail" */ = {
			isa = XCConfigurationList;
			buildConfigurations = (
				ECC049D828405A3C0017333D /* Debug */,
				ECC049D928405A3C0017333D /* Release */,
			);
			defaultConfigurationIsVisible = 0;
			defaultConfigurationName = Release;
		};
		ECC049DA28405A3C0017333D /* Build configuration list for PBXNativeTarget "A3_Ismail" */ = {
			isa = XCConfigurationList;
			buildConfigurations = (
				ECC049DB28405A3C0017333D /* Debug */,
				ECC049DC28405A3C0017333D /* Release */,
			);
			defaultConfigurationIsVisible = 0;
			defaultConfigurationName = Release;
		};
/* End XCConfigurationList section */

/* Begin XCVersionGroup section */
		ECC049CF28405A3A0017333D /* A3_Ismail.xcdatamodeld */ = {
			isa = XCVersionGroup;
			children = (
				ECC049D028405A3A0017333D /* A3_Ismail.xcdatamodel */,
			);
			currentVersion = ECC049D028405A3A0017333D /* A3_Ismail.xcdatamodel */;
			path = A3_Ismail.xcdatamodeld;
			sourceTree = "<group>";
			versionGroupType = wrapper.xcdatamodel;
		};
/* End XCVersionGroup section */
	};
	rootObject = ECC049BB28405A3A0017333D /* Project object */;
}
